
Microsoft Visual Studio Solution File, Format Version 12.00
# Visual Studio Version 16
VisualStudioVersion = 16.0.31321.278
MinimumVisualStudioVersion = 10.0.40219.1
Project("{FAE04EC0-301F-11D3-BF4B-00C04F79EFBC}") = "WpfApp2", "WpfApp2\WpfApp2.csproj", "{1A0E9409-8349-4C5B-82FC-58A6101D2F83}"
EndProject
Global
	GlobalSection(SolutionConfigurationPlatforms) = preSolution
		Debug|Any CPU = Debug|Any CPU
		Release|Any CPU = Release|Any CPU
	EndGlobalSection
	GlobalSection(ProjectConfigurationPlatforms) = postSolution
		{1A0E9409-8349-4C5B-82FC-58A6101D2F83}.Debug|Any CPU.ActiveCfg = Debug|Any CPU
		{1A0E9409-8349-4C5B-82FC-58A6101D2F83}.Debug|Any CPU.Build.0 = Debug|Any CPU
		{1A0E9409-8349-4C5B-82FC-58A6101D2F83}.Release|Any CPU.ActiveCfg = Release|Any CPU
		{1A0E9409-8349-4C5B-82FC-58A6101D2F83}.Release|Any CPU.Build.0 = Release|Any CPU
	EndGlobalSection
	GlobalSection(SolutionProperties) = preSolution
		HideSolutionNode = FALSE
	EndGlobalSection
	GlobalSection(ExtensibilityGlobals) = postSolution
		SolutionGuid = {5EDF39C5-0A04-43FB-8198-520352E12183}
	EndGlobalSection
EndGlobal
